PODS:
  - Charts (3.4.0):
    - Charts/Core (= 3.4.0)
  - Charts/Core (3.4.0)

DEPENDENCIES:
  - Charts

SPEC REPOS:
  https://github.com/CocoaPods/Specs.git:
    - Charts

SPEC CHECKSUMS:
  Charts: 74c9f256eaf0460c0c416522d1cf8c634ea6b286

PODFILE CHECKSUM: 03facfce9f0f6a46ed56b0e23ea65452ea230af1

COCOAPODS: 1.9.1
